
Microsoft Visual Studio Solution File, Format Version 12.00
# Visual Studio 2013
VisualStudioVersion = 12.0.21005.1
MinimumVisualStudioVersion = 10.0.40219.1
Project("{2150E333-8FDC-42A3-9474-1A3956D46DE8}") = "2. Common", "2. Common", "{9B3389A5-8CA6-4C5C-BA7D-807BBEA1A28A}"
EndProject
Project("{2150E333-8FDC-42A3-9474-1A3956D46DE8}") = "5. Web", "5. Web", "{8209571E-5D5C-42AB-8144-E3F45EFE729B}"
EndProject
Project("{2150E333-8FDC-42A3-9474-1A3956D46DE8}") = "6. Clients", "6. Clients", "{E4B11E50-715B-4AE7-91BE-2ED70CAD9411}"
EndProject
Project("{FAE04EC0-301F-11D3-BF4B-00C04F79EFBC}") = "CQX.Utils", "CQX.Utils\CQX.Utils.csproj", "{E4063386-CC86-4810-903E-4CE4F9D22461}"
EndProject
Project("{FAE04EC0-301F-11D3-BF4B-00C04F79EFBC}") = "CQX.DataModel", "CQX.DataModel\CQX.DataModel.csproj", "{9CFDA726-3500-4CAB-840E-1AC4B325FEB7}"
EndProject
Project("{FAE04EC0-301F-11D3-BF4B-00C04F79EFBC}") = "CQX.DataAccess", "CQX.DataAccess\CQX.DataAccess.csproj", "{E43DE672-0D60-43E2-AAC7-49CBF57CCF04}"
EndProject
Project("{FAE04EC0-301F-11D3-BF4B-00C04F79EFBC}") = "CQX.ServiceContract", "CQX.ServiceContract\CQX.ServiceContract.csproj", "{AB0A31AE-865F-4198-B74B-1460198F7DF1}"
EndProject
Project("{FAE04EC0-301F-11D3-BF4B-00C04F79EFBC}") = "CQX.ServiceClient", "CQX.ServiceClient\CQX.ServiceClient.csproj", "{0078888C-A999-4D12-BD86-23A6EF3E9229}"
EndProject
Project("{FAE04EC0-301F-11D3-BF4B-00C04F79EFBC}") = "CQX.Web", "CQX.Web\CQX.Web.csproj", "{06BB2050-6342-4F78-B1B5-C196060B9F39}"
EndProject
Project("{FAE04EC0-301F-11D3-BF4B-00C04F79EFBC}") = "CQX.Service", "CQX.Service\CQX.Service.csproj", "{7DC1E9CF-FC63-44A2-8AFB-4014983E2334}"
EndProject
Project("{FAE04EC0-301F-11D3-BF4B-00C04F79EFBC}") = "CQX.Job", "CQX.Job\CQX.Job.csproj", "{3DFCE300-4022-4914-9F02-7EA562BB4FC7}"
EndProject
Project("{FAE04EC0-301F-11D3-BF4B-00C04F79EFBC}") = "CQX.Job.Tests", "CQX.Job.Tests\CQX.Job.Tests.csproj", "{3A918E83-F277-4A95-BF8D-9B673A127248}"
EndProject
Project("{FAE04EC0-301F-11D3-BF4B-00C04F79EFBC}") = "CQX.Service.Tests", "CQX.Service.Tests\CQX.Service.Tests.csproj", "{013E7E2D-E41C-4F7D-A057-C09CFE871451}"
EndProject
Project("{FAE04EC0-301F-11D3-BF4B-00C04F79EFBC}") = "CQX.ServiceClient.Tests", "CQX.ServiceClient.Tests\CQX.ServiceClient.Tests.csproj", "{9B575D91-AD57-4E4A-989F-4ACD3FA0CA68}"
EndProject
Project("{FAE04EC0-301F-11D3-BF4B-00C04F79EFBC}") = "CQX.Web.Tests", "CQX.Web.Tests\CQX.Web.Tests.csproj", "{11D0E1D1-F0C9-46C2-8B8A-29EA8AB77CF2}"
EndProject
Project("{2150E333-8FDC-42A3-9474-1A3956D46DE8}") = "3. Service", "3. Service", "{89B4CBBF-846A-48D6-B462-B3EF923E3504}"
EndProject
Project("{2150E333-8FDC-42A3-9474-1A3956D46DE8}") = "1. UnitTests", "1. UnitTests", "{8DAD76D6-93F0-4D42-9D76-29CB53802333}"
EndProject
Project("{2150E333-8FDC-42A3-9474-1A3956D46DE8}") = "4. ServiceClient", "4. ServiceClient", "{B9F2DAB6-F2E3-4EEE-AA14-135514BBEDDE}"
EndProject
Project("{FAE04EC0-301F-11D3-BF4B-00C04F79EFBC}") = "CQX.DataModel.Enums", "CQX.DataModel.Enums\CQX.DataModel.Enums.csproj", "{1ADED4DF-3E8A-47CC-8CA7-B74EF8D86A01}"
EndProject
Global
	GlobalSection(SolutionConfigurationPlatforms) = preSolution
		Debug|Any CPU = Debug|Any CPU
		Release|Any CPU = Release|Any CPU
	EndGlobalSection
	GlobalSection(ProjectConfigurationPlatforms) = postSolution
		{E4063386-CC86-4810-903E-4CE4F9D22461}.Debug|Any CPU.ActiveCfg = Debug|Any CPU
		{E4063386-CC86-4810-903E-4CE4F9D22461}.Debug|Any CPU.Build.0 = Debug|Any CPU
		{E4063386-CC86-4810-903E-4CE4F9D22461}.Release|Any CPU.ActiveCfg = Release|Any CPU
		{E4063386-CC86-4810-903E-4CE4F9D22461}.Release|Any CPU.Build.0 = Release|Any CPU
		{9CFDA726-3500-4CAB-840E-1AC4B325FEB7}.Debug|Any CPU.ActiveCfg = Debug|Any CPU
		{9CFDA726-3500-4CAB-840E-1AC4B325FEB7}.Debug|Any CPU.Build.0 = Debug|Any CPU
		{9CFDA726-3500-4CAB-840E-1AC4B325FEB7}.Release|Any CPU.ActiveCfg = Release|Any CPU
		{9CFDA726-3500-4CAB-840E-1AC4B325FEB7}.Release|Any CPU.Build.0 = Release|Any CPU
		{E43DE672-0D60-43E2-AAC7-49CBF57CCF04}.Debug|Any CPU.ActiveCfg = Debug|Any CPU
		{E43DE672-0D60-43E2-AAC7-49CBF57CCF04}.Debug|Any CPU.Build.0 = Debug|Any CPU
		{E43DE672-0D60-43E2-AAC7-49CBF57CCF04}.Release|Any CPU.ActiveCfg = Release|Any CPU
		{E43DE672-0D60-43E2-AAC7-49CBF57CCF04}.Release|Any CPU.Build.0 = Release|Any CPU
		{AB0A31AE-865F-4198-B74B-1460198F7DF1}.Debug|Any CPU.ActiveCfg = Debug|Any CPU
		{AB0A31AE-865F-4198-B74B-1460198F7DF1}.Debug|Any CPU.Build.0 = Debug|Any CPU
		{AB0A31AE-865F-4198-B74B-1460198F7DF1}.Release|Any CPU.ActiveCfg = Release|Any CPU
		{AB0A31AE-865F-4198-B74B-1460198F7DF1}.Release|Any CPU.Build.0 = Release|Any CPU
		{0078888C-A999-4D12-BD86-23A6EF3E9229}.Debug|Any CPU.ActiveCfg = Debug|Any CPU
		{0078888C-A999-4D12-BD86-23A6EF3E9229}.Debug|Any CPU.Build.0 = Debug|Any CPU
		{0078888C-A999-4D12-BD86-23A6EF3E9229}.Release|Any CPU.ActiveCfg = Release|Any CPU
		{0078888C-A999-4D12-BD86-23A6EF3E9229}.Release|Any CPU.Build.0 = Release|Any CPU
		{06BB2050-6342-4F78-B1B5-C196060B9F39}.Debug|Any CPU.ActiveCfg = Debug|Any CPU
		{06BB2050-6342-4F78-B1B5-C196060B9F39}.Debug|Any CPU.Build.0 = Debug|Any CPU
		{06BB2050-6342-4F78-B1B5-C196060B9F39}.Release|Any CPU.ActiveCfg = Release|Any CPU
		{06BB2050-6342-4F78-B1B5-C196060B9F39}.Release|Any CPU.Build.0 = Release|Any CPU
		{7DC1E9CF-FC63-44A2-8AFB-4014983E2334}.Debug|Any CPU.ActiveCfg = Debug|Any CPU
		{7DC1E9CF-FC63-44A2-8AFB-4014983E2334}.Debug|Any CPU.Build.0 = Debug|Any CPU
		{7DC1E9CF-FC63-44A2-8AFB-4014983E2334}.Release|Any CPU.ActiveCfg = Release|Any CPU
		{7DC1E9CF-FC63-44A2-8AFB-4014983E2334}.Release|Any CPU.Build.0 = Release|Any CPU
		{3DFCE300-4022-4914-9F02-7EA562BB4FC7}.Debug|Any CPU.ActiveCfg = Debug|Any CPU
		{3DFCE300-4022-4914-9F02-7EA562BB4FC7}.Debug|Any CPU.Build.0 = Debug|Any CPU
		{3DFCE300-4022-4914-9F02-7EA562BB4FC7}.Release|Any CPU.ActiveCfg = Release|Any CPU
		{3DFCE300-4022-4914-9F02-7EA562BB4FC7}.Release|Any CPU.Build.0 = Release|Any CPU
		{3A918E83-F277-4A95-BF8D-9B673A127248}.Debug|Any CPU.ActiveCfg = Debug|Any CPU
		{3A918E83-F277-4A95-BF8D-9B673A127248}.Debug|Any CPU.Build.0 = Debug|Any CPU
		{3A918E83-F277-4A95-BF8D-9B673A127248}.Release|Any CPU.ActiveCfg = Release|Any CPU
		{3A918E83-F277-4A95-BF8D-9B673A127248}.Release|Any CPU.Build.0 = Release|Any CPU
		{013E7E2D-E41C-4F7D-A057-C09CFE871451}.Debug|Any CPU.ActiveCfg = Debug|Any CPU
		{013E7E2D-E41C-4F7D-A057-C09CFE871451}.Debug|Any CPU.Build.0 = Debug|Any CPU
		{013E7E2D-E41C-4F7D-A057-C09CFE871451}.Release|Any CPU.ActiveCfg = Release|Any CPU
		{013E7E2D-E41C-4F7D-A057-C09CFE871451}.Release|Any CPU.Build.0 = Release|Any CPU
		{9B575D91-AD57-4E4A-989F-4ACD3FA0CA68}.Debug|Any CPU.ActiveCfg = Debug|Any CPU
		{9B575D91-AD57-4E4A-989F-4ACD3FA0CA68}.Debug|Any CPU.Build.0 = Debug|Any CPU
		{9B575D91-AD57-4E4A-989F-4ACD3FA0CA68}.Release|Any CPU.ActiveCfg = Release|Any CPU
		{9B575D91-AD57-4E4A-989F-4ACD3FA0CA68}.Release|Any CPU.Build.0 = Release|Any CPU
		{11D0E1D1-F0C9-46C2-8B8A-29EA8AB77CF2}.Debug|Any CPU.ActiveCfg = Debug|Any CPU
		{11D0E1D1-F0C9-46C2-8B8A-29EA8AB77CF2}.Debug|Any CPU.Build.0 = Debug|Any CPU
		{11D0E1D1-F0C9-46C2-8B8A-29EA8AB77CF2}.Release|Any CPU.ActiveCfg = Release|Any CPU
		{11D0E1D1-F0C9-46C2-8B8A-29EA8AB77CF2}.Release|Any CPU.Build.0 = Release|Any CPU
		{1ADED4DF-3E8A-47CC-8CA7-B74EF8D86A01}.Debug|Any CPU.ActiveCfg = Debug|Any CPU
		{1ADED4DF-3E8A-47CC-8CA7-B74EF8D86A01}.Debug|Any CPU.Build.0 = Debug|Any CPU
		{1ADED4DF-3E8A-47CC-8CA7-B74EF8D86A01}.Release|Any CPU.ActiveCfg = Release|Any CPU
		{1ADED4DF-3E8A-47CC-8CA7-B74EF8D86A01}.Release|Any CPU.Build.0 = Release|Any CPU
	EndGlobalSection
	GlobalSection(SolutionProperties) = preSolution
		HideSolutionNode = FALSE
	EndGlobalSection
	GlobalSection(NestedProjects) = preSolution
		{E4063386-CC86-4810-903E-4CE4F9D22461} = {9B3389A5-8CA6-4C5C-BA7D-807BBEA1A28A}
		{1ADED4DF-3E8A-47CC-8CA7-B74EF8D86A01} = {9B3389A5-8CA6-4C5C-BA7D-807BBEA1A28A}
		{06BB2050-6342-4F78-B1B5-C196060B9F39} = {8209571E-5D5C-42AB-8144-E3F45EFE729B}
		{E43DE672-0D60-43E2-AAC7-49CBF57CCF04} = {89B4CBBF-846A-48D6-B462-B3EF923E3504}
		{7DC1E9CF-FC63-44A2-8AFB-4014983E2334} = {89B4CBBF-846A-48D6-B462-B3EF923E3504}
		{3DFCE300-4022-4914-9F02-7EA562BB4FC7} = {89B4CBBF-846A-48D6-B462-B3EF923E3504}
		{9CFDA726-3500-4CAB-840E-1AC4B325FEB7} = {89B4CBBF-846A-48D6-B462-B3EF923E3504}
		{0078888C-A999-4D12-BD86-23A6EF3E9229} = {B9F2DAB6-F2E3-4EEE-AA14-135514BBEDDE}
		{AB0A31AE-865F-4198-B74B-1460198F7DF1} = {B9F2DAB6-F2E3-4EEE-AA14-135514BBEDDE}
		{013E7E2D-E41C-4F7D-A057-C09CFE871451} = {8DAD76D6-93F0-4D42-9D76-29CB53802333}
		{9B575D91-AD57-4E4A-989F-4ACD3FA0CA68} = {8DAD76D6-93F0-4D42-9D76-29CB53802333}
		{11D0E1D1-F0C9-46C2-8B8A-29EA8AB77CF2} = {8DAD76D6-93F0-4D42-9D76-29CB53802333}
		{3A918E83-F277-4A95-BF8D-9B673A127248} = {8DAD76D6-93F0-4D42-9D76-29CB53802333}
	EndGlobalSection
EndGlobal
